
Microsoft Visual Studio Solution File, Format Version 12.00
# Visual Studio Version 16
VisualStudioVersion = 16.0.29920.165
MinimumVisualStudioVersion = 15.0.26124.0
Project("{9A19103F-16F7-4668-BE54-9A1E7A4F7556}") = "bookLibrary.Domain", "bookLibrary.Domain\bookLibrary.Domain.csproj", "{2325ED63-B52B-4C45-BB34-58130231B6A0}"
EndProject
Project("{9A19103F-16F7-4668-BE54-9A1E7A4F7556}") = "bookLibrary.Tests", "bookLibrary.Tests\bookLibrary.Tests.csproj", "{C6322DCB-8666-4573-9688-2564E39B269E}"
EndProject
Project("{FAE04EC0-301F-11D3-BF4B-00C04F79EFBC}") = "bookLibrary.Infra", "bookLibrary.Infra\bookLibrary.Infra.csproj", "{E86A1FD3-AAF5-4BE1-B345-D71C42ECAED8}"
EndProject
Global
	GlobalSection(SolutionConfigurationPlatforms) = preSolution
		Debug|Any CPU = Debug|Any CPU
		Debug|x64 = Debug|x64
		Debug|x86 = Debug|x86
		Release|Any CPU = Release|Any CPU
		Release|x64 = Release|x64
		Release|x86 = Release|x86
	EndGlobalSection
	GlobalSection(ProjectConfigurationPlatforms) = postSolution
		{2325ED63-B52B-4C45-BB34-58130231B6A0}.Debug|Any CPU.ActiveCfg = Debug|Any CPU
		{2325ED63-B52B-4C45-BB34-58130231B6A0}.Debug|Any CPU.Build.0 = Debug|Any CPU
		{2325ED63-B52B-4C45-BB34-58130231B6A0}.Debug|x64.ActiveCfg = Debug|Any CPU
		{2325ED63-B52B-4C45-BB34-58130231B6A0}.Debug|x64.Build.0 = Debug|Any CPU
		{2325ED63-B52B-4C45-BB34-58130231B6A0}.Debug|x86.ActiveCfg = Debug|Any CPU
		{2325ED63-B52B-4C45-BB34-58130231B6A0}.Debug|x86.Build.0 = Debug|Any CPU
		{2325ED63-B52B-4C45-BB34-58130231B6A0}.Release|Any CPU.ActiveCfg = Release|Any CPU
		{2325ED63-B52B-4C45-BB34-58130231B6A0}.Release|Any CPU.Build.0 = Release|Any CPU
		{2325ED63-B52B-4C45-BB34-58130231B6A0}.Release|x64.ActiveCfg = Release|Any CPU
		{2325ED63-B52B-4C45-BB34-58130231B6A0}.Release|x64.Build.0 = Release|Any CPU
		{2325ED63-B52B-4C45-BB34-58130231B6A0}.Release|x86.ActiveCfg = Release|Any CPU
		{2325ED63-B52B-4C45-BB34-58130231B6A0}.Release|x86.Build.0 = Release|Any CPU
		{C6322DCB-8666-4573-9688-2564E39B269E}.Debug|Any CPU.ActiveCfg = Debug|Any CPU
		{C6322DCB-8666-4573-9688-2564E39B269E}.Debug|Any CPU.Build.0 = Debug|Any CPU
		{C6322DCB-8666-4573-9688-2564E39B269E}.Debug|x64.ActiveCfg = Debug|Any CPU
		{C6322DCB-8666-4573-9688-2564E39B269E}.Debug|x64.Build.0 = Debug|Any CPU
		{C6322DCB-8666-4573-9688-2564E39B269E}.Debug|x86.ActiveCfg = Debug|Any CPU
		{C6322DCB-8666-4573-9688-2564E39B269E}.Debug|x86.Build.0 = Debug|Any CPU
		{C6322DCB-8666-4573-9688-2564E39B269E}.Release|Any CPU.ActiveCfg = Release|Any CPU
		{C6322DCB-8666-4573-9688-2564E39B269E}.Release|Any CPU.Build.0 = Release|Any CPU
		{C6322DCB-8666-4573-9688-2564E39B269E}.Release|x64.ActiveCfg = Release|Any CPU
		{C6322DCB-8666-4573-9688-2564E39B269E}.Release|x64.Build.0 = Release|Any CPU
		{C6322DCB-8666-4573-9688-2564E39B269E}.Release|x86.ActiveCfg = Release|Any CPU
		{C6322DCB-8666-4573-9688-2564E39B269E}.Release|x86.Build.0 = Release|Any CPU
		{E86A1FD3-AAF5-4BE1-B345-D71C42ECAED8}.Debug|Any CPU.ActiveCfg = Debug|Any CPU
		{E86A1FD3-AAF5-4BE1-B345-D71C42ECAED8}.Debug|Any CPU.Build.0 = Debug|Any CPU
		{E86A1FD3-AAF5-4BE1-B345-D71C42ECAED8}.Debug|x64.ActiveCfg = Debug|Any CPU
		{E86A1FD3-AAF5-4BE1-B345-D71C42ECAED8}.Debug|x64.Build.0 = Debug|Any CPU
		{E86A1FD3-AAF5-4BE1-B345-D71C42ECAED8}.Debug|x86.ActiveCfg = Debug|Any CPU
		{E86A1FD3-AAF5-4BE1-B345-D71C42ECAED8}.Debug|x86.Build.0 = Debug|Any CPU
		{E86A1FD3-AAF5-4BE1-B345-D71C42ECAED8}.Release|Any CPU.ActiveCfg = Release|Any CPU
		{E86A1FD3-AAF5-4BE1-B345-D71C42ECAED8}.Release|Any CPU.Build.0 = Release|Any CPU
		{E86A1FD3-AAF5-4BE1-B345-D71C42ECAED8}.Release|x64.ActiveCfg = Release|Any CPU
		{E86A1FD3-AAF5-4BE1-B345-D71C42ECAED8}.Release|x64.Build.0 = Release|Any CPU
		{E86A1FD3-AAF5-4BE1-B345-D71C42ECAED8}.Release|x86.ActiveCfg = Release|Any CPU
		{E86A1FD3-AAF5-4BE1-B345-D71C42ECAED8}.Release|x86.Build.0 = Release|Any CPU
	EndGlobalSection
	GlobalSection(SolutionProperties) = preSolution
		HideSolutionNode = FALSE
	EndGlobalSection
	GlobalSection(ExtensibilityGlobals) = postSolution
		SolutionGuid = {05AC8255-D3B8-4A95-9561-08CD32F6EDD2}
	EndGlobalSection
EndGlobal
